
Microsoft Visual Studio Solution File, Format Version 12.00
# Visual Studio Version 17
VisualStudioVersion = 17.0.31903.59
MinimumVisualStudioVersion = 10.0.40219.1
Project("{2150E333-8FDC-42A3-9474-1A3956D46DE8}") = "src", "src", "{827E0CD3-B72D-47B6-A68D-7590B98EB39B}"
EndProject
Project("{FAE04EC0-301F-11D3-BF4B-00C04F79EFBC}") = "RulesApp.Shared", "src\RulesApp.Shared\RulesApp.Shared.csproj", "{347A9529-00F4-49AF-97F9-DCAB7493BA48}"
EndProject
Project("{FAE04EC0-301F-11D3-BF4B-00C04F79EFBC}") = "RulesApp.Api", "src\RulesApp.Api\RulesApp.Api.csproj", "{D503FDA0-6F14-40BE-B1CF-451E8A496E38}"
EndProject
Project("{FAE04EC0-301F-11D3-BF4B-00C04F79EFBC}") = "RulesApp.Web", "src\RulesApp.Web\RulesApp.Web.csproj", "{A8273CE2-DF8F-4E64-968C-AEC33A52E214}"
EndProject
Global
	GlobalSection(SolutionConfigurationPlatforms) = preSolution
		Debug|Any CPU = Debug|Any CPU
		Debug|x64 = Debug|x64
		Debug|x86 = Debug|x86
		Release|Any CPU = Release|Any CPU
		Release|x64 = Release|x64
		Release|x86 = Release|x86
	EndGlobalSection
	GlobalSection(ProjectConfigurationPlatforms) = postSolution
		{347A9529-00F4-49AF-97F9-DCAB7493BA48}.Debug|Any CPU.ActiveCfg = Debug|Any CPU
		{347A9529-00F4-49AF-97F9-DCAB7493BA48}.Debug|Any CPU.Build.0 = Debug|Any CPU
		{347A9529-00F4-49AF-97F9-DCAB7493BA48}.Debug|x64.ActiveCfg = Debug|Any CPU
		{347A9529-00F4-49AF-97F9-DCAB7493BA48}.Debug|x64.Build.0 = Debug|Any CPU
		{347A9529-00F4-49AF-97F9-DCAB7493BA48}.Debug|x86.ActiveCfg = Debug|Any CPU
		{347A9529-00F4-49AF-97F9-DCAB7493BA48}.Debug|x86.Build.0 = Debug|Any CPU
		{347A9529-00F4-49AF-97F9-DCAB7493BA48}.Release|Any CPU.ActiveCfg = Release|Any CPU
		{347A9529-00F4-49AF-97F9-DCAB7493BA48}.Release|Any CPU.Build.0 = Release|Any CPU
		{347A9529-00F4-49AF-97F9-DCAB7493BA48}.Release|x64.ActiveCfg = Release|Any CPU
		{347A9529-00F4-49AF-97F9-DCAB7493BA48}.Release|x64.Build.0 = Release|Any CPU
		{347A9529-00F4-49AF-97F9-DCAB7493BA48}.Release|x86.ActiveCfg = Release|Any CPU
		{347A9529-00F4-49AF-97F9-DCAB7493BA48}.Release|x86.Build.0 = Release|Any CPU
		{D503FDA0-6F14-40BE-B1CF-451E8A496E38}.Debug|Any CPU.ActiveCfg = Debug|Any CPU
		{D503FDA0-6F14-40BE-B1CF-451E8A496E38}.Debug|Any CPU.Build.0 = Debug|Any CPU
		{D503FDA0-6F14-40BE-B1CF-451E8A496E38}.Debug|x64.ActiveCfg = Debug|Any CPU
		{D503FDA0-6F14-40BE-B1CF-451E8A496E38}.Debug|x64.Build.0 = Debug|Any CPU
		{D503FDA0-6F14-40BE-B1CF-451E8A496E38}.Debug|x86.ActiveCfg = Debug|Any CPU
		{D503FDA0-6F14-40BE-B1CF-451E8A496E38}.Debug|x86.Build.0 = Debug|Any CPU
		{D503FDA0-6F14-40BE-B1CF-451E8A496E38}.Release|Any CPU.ActiveCfg = Release|Any CPU
		{D503FDA0-6F14-40BE-B1CF-451E8A496E38}.Release|Any CPU.Build.0 = Release|Any CPU
		{D503FDA0-6F14-40BE-B1CF-451E8A496E38}.Release|x64.ActiveCfg = Release|Any CPU
		{D503FDA0-6F14-40BE-B1CF-451E8A496E38}.Release|x64.Build.0 = Release|Any CPU
		{D503FDA0-6F14-40BE-B1CF-451E8A496E38}.Release|x86.ActiveCfg = Release|Any CPU
		{D503FDA0-6F14-40BE-B1CF-451E8A496E38}.Release|x86.Build.0 = Release|Any CPU
		{A8273CE2-DF8F-4E64-968C-AEC33A52E214}.Debug|Any CPU.ActiveCfg = Debug|Any CPU
		{A8273CE2-DF8F-4E64-968C-AEC33A52E214}.Debug|Any CPU.Build.0 = Debug|Any CPU
		{A8273CE2-DF8F-4E64-968C-AEC33A52E214}.Debug|x64.ActiveCfg = Debug|Any CPU
		{A8273CE2-DF8F-4E64-968C-AEC33A52E214}.Debug|x64.Build.0 = Debug|Any CPU
		{A8273CE2-DF8F-4E64-968C-AEC33A52E214}.Debug|x86.ActiveCfg = Debug|Any CPU
		{A8273CE2-DF8F-4E64-968C-AEC33A52E214}.Debug|x86.Build.0 = Debug|Any CPU
		{A8273CE2-DF8F-4E64-968C-AEC33A52E214}.Release|Any CPU.ActiveCfg = Release|Any CPU
		{A8273CE2-DF8F-4E64-968C-AEC33A52E214}.Release|Any CPU.Build.0 = Release|Any CPU
		{A8273CE2-DF8F-4E64-968C-AEC33A52E214}.Release|x64.ActiveCfg = Release|Any CPU
		{A8273CE2-DF8F-4E64-968C-AEC33A52E214}.Release|x64.Build.0 = Release|Any CPU
		{A8273CE2-DF8F-4E64-968C-AEC33A52E214}.Release|x86.ActiveCfg = Release|Any CPU
		{A8273CE2-DF8F-4E64-968C-AEC33A52E214}.Release|x86.Build.0 = Release|Any CPU
	EndGlobalSection
	GlobalSection(SolutionProperties) = preSolution
		HideSolutionNode = FALSE
	EndGlobalSection
	GlobalSection(NestedProjects) = preSolution
		{347A9529-00F4-49AF-97F9-DCAB7493BA48} = {827E0CD3-B72D-47B6-A68D-7590B98EB39B}
		{D503FDA0-6F14-40BE-B1CF-451E8A496E38} = {827E0CD3-B72D-47B6-A68D-7590B98EB39B}
		{A8273CE2-DF8F-4E64-968C-AEC33A52E214} = {827E0CD3-B72D-47B6-A68D-7590B98EB39B}
	EndGlobalSection
EndGlobal
